
Microsoft Visual Studio Solution File, Format Version 12.00
# Visual Studio Version 16
VisualStudioVersion = 16.0.30002.166
MinimumVisualStudioVersion = 10.0.40219.1
Project("{FAE04EC0-301F-11D3-BF4B-00C04F79EFBC}") = "NCS HW7 GUI", "NCS HW7 GUI.csproj", "{043125E9-16AD-4749-A46C-473492305EDB}"
EndProject
Global
	GlobalSection(SolutionConfigurationPlatforms) = preSolution
		Debug|Any CPU = Debug|Any CPU
		Release|Any CPU = Release|Any CPU
	EndGlobalSection
	GlobalSection(ProjectConfigurationPlatforms) = postSolution
		{043125E9-16AD-4749-A46C-473492305EDB}.Debug|Any CPU.ActiveCfg = Debug|Any CPU
		{043125E9-16AD-4749-A46C-473492305EDB}.Debug|Any CPU.Build.0 = Debug|Any CPU
		{043125E9-16AD-4749-A46C-473492305EDB}.Release|Any CPU.ActiveCfg = Release|Any CPU
		{043125E9-16AD-4749-A46C-473492305EDB}.Release|Any CPU.Build.0 = Release|Any CPU
	EndGlobalSection
	GlobalSection(SolutionProperties) = preSolution
		HideSolutionNode = FALSE
	EndGlobalSection
	GlobalSection(ExtensibilityGlobals) = postSolution
		SolutionGuid = {5A532EE1-B375-4F26-8CCA-6C6B7F2669A5}
	EndGlobalSection
EndGlobal
